
Microsoft Visual Studio Solution File, Format Version 12.00
# Visual Studio Version 17
VisualStudioVersion = 17.11.35208.52
MinimumVisualStudioVersion = 10.0.40219.1
Project("{FAE04EC0-301F-11D3-BF4B-00C04F79EFBC}") = "CodingTest", "CodingTest\CodingTest.csproj", "{353A36B3-B72E-4AD9-A915-F21B49D5EEE7}"
EndProject
Global
	GlobalSection(SolutionConfigurationPlatforms) = preSolution
		Debug|Any CPU = Debug|Any CPU
		Release|Any CPU = Release|Any CPU
	EndGlobalSection
	GlobalSection(ProjectConfigurationPlatforms) = postSolution
		{353A36B3-B72E-4AD9-A915-F21B49D5EEE7}.Debug|Any CPU.ActiveCfg = Debug|Any CPU
		{353A36B3-B72E-4AD9-A915-F21B49D5EEE7}.Debug|Any CPU.Build.0 = Debug|Any CPU
		{353A36B3-B72E-4AD9-A915-F21B49D5EEE7}.Release|Any CPU.ActiveCfg = Release|Any CPU
		{353A36B3-B72E-4AD9-A915-F21B49D5EEE7}.Release|Any CPU.Build.0 = Release|Any CPU
	EndGlobalSection
	GlobalSection(SolutionProperties) = preSolution
		HideSolutionNode = FALSE
	EndGlobalSection
	GlobalSection(ExtensibilityGlobals) = postSolution
		SolutionGuid = {0577FD2E-F553-4E61-98C3-22A8B9FBC55F}
	EndGlobalSection
EndGlobal
